
Microsoft Visual Studio Solution File, Format Version 12.00
# Visual Studio Version 17
VisualStudioVersion = 17.4.33213.308
MinimumVisualStudioVersion = 10.0.40219.1
Project("{FAE04EC0-301F-11D3-BF4B-00C04F79EFBC}") = "SmcAutomatedTesting", "SmcAutomatedTesting\SmcAutomatedTesting.csproj", "{5DDA56DC-F280-40A1-AFE6-5B348B200CB1}"
EndProject
Global
	GlobalSection(SolutionConfigurationPlatforms) = preSolution
		Debug|Any CPU = Debug|Any CPU
		Release|Any CPU = Release|Any CPU
	EndGlobalSection
	GlobalSection(ProjectConfigurationPlatforms) = postSolution
		{5DDA56DC-F280-40A1-AFE6-5B348B200CB1}.Debug|Any CPU.ActiveCfg = Debug|Any CPU
		{5DDA56DC-F280-40A1-AFE6-5B348B200CB1}.Debug|Any CPU.Build.0 = Debug|Any CPU
		{5DDA56DC-F280-40A1-AFE6-5B348B200CB1}.Release|Any CPU.ActiveCfg = Release|Any CPU
		{5DDA56DC-F280-40A1-AFE6-5B348B200CB1}.Release|Any CPU.Build.0 = Release|Any CPU
	EndGlobalSection
	GlobalSection(SolutionProperties) = preSolution
		HideSolutionNode = FALSE
	EndGlobalSection
	GlobalSection(ExtensibilityGlobals) = postSolution
		SolutionGuid = {D83CBCDC-D1E4-4069-9D0D-43B0D25C3031}
	EndGlobalSection
EndGlobal
